
Microsoft Visual Studio Solution File, Format Version 12.00
# Visual Studio Version 16
VisualStudioVersion = 16.0.29306.81
MinimumVisualStudioVersion = 10.0.40219.1
Project("{FAE04EC0-301F-11D3-BF4B-00C04F79EFBC}") = "MedicalMainMenu_4_Nuget", "CS\MedicalMainMenu\MedicalMainMenu_4_Nuget.csproj", "{64D5AF11-D7BB-44B2-9E62-37CEDF925D62}"
	ProjectSection(ProjectDependencies) = postProject
		{674AF410-7BB2-427D-A177-CA7CBA559A78} = {674AF410-7BB2-427D-A177-CA7CBA559A78}
		{B7945C11-4B6B-4ED9-B813-36468555D4B9} = {B7945C11-4B6B-4ED9-B813-36468555D4B9}
		{B0C14719-4762-4525-9720-86562FFAFCF6} = {B0C14719-4762-4525-9720-86562FFAFCF6}
		{793CBB3F-EE55-4683-9CD3-21EB3D09FBC4} = {793CBB3F-EE55-4683-9CD3-21EB3D09FBC4}
		{0D0D3F41-6F04-40BD-8734-D3E3CE850D28} = {0D0D3F41-6F04-40BD-8734-D3E3CE850D28}
		{3F194447-3CC1-4969-87F0-1EB9D4C57E83} = {3F194447-3CC1-4969-87F0-1EB9D4C57E83}
		{B13C8A56-8C97-4D67-A4FD-35120BCFAF8A} = {B13C8A56-8C97-4D67-A4FD-35120BCFAF8A}
		{ED198470-18BF-4781-821D-CDCE83AB543D} = {ED198470-18BF-4781-821D-CDCE83AB543D}
		{D0FD9E73-9B6E-495F-B4FD-62EDA0AC0E58} = {D0FD9E73-9B6E-495F-B4FD-62EDA0AC0E58}
		{FE62C5B0-C56A-466E-B8C7-F86168A1D9A7} = {FE62C5B0-C56A-466E-B8C7-F86168A1D9A7}
		{61F940C7-A396-46B6-B688-2362C43DF913} = {61F940C7-A396-46B6-B688-2362C43DF913}
		{2F6293C7-98E1-43E8-BB92-6FFAB6121412} = {2F6293C7-98E1-43E8-BB92-6FFAB6121412}
	EndProjectSection
EndProject
Project("{2150E333-8FDC-42A3-9474-1A3956D46DE8}") = "DICOM Client Demos", "DICOM Client Demos", "{F337427E-CDCC-48E0-9E0F-1DA181C61FEC}"
EndProject
Project("{FAE04EC0-301F-11D3-BF4B-00C04F79EFBC}") = "PacsConfigDemo_4_Nuget", "CS\PACSConfigDemo\PacsConfigDemo_4_Nuget.csproj", "{0D0D3F41-6F04-40BD-8734-D3E3CE850D28}"
EndProject
Project("{FAE04EC0-301F-11D3-BF4B-00C04F79EFBC}") = "PacsDatabaseConfigurationDemo_4_Nuget", "CS\PACSDatabaseConfigurationDemo\PacsDatabaseConfigurationDemo_4_Nuget.csproj", "{674AF410-7BB2-427D-A177-CA7CBA559A78}"
EndProject
Project("{FAE04EC0-301F-11D3-BF4B-00C04F79EFBC}") = "StorageServerManager_4_Nuget", "CS\StorageServerManager\StorageServerManager_4_Nuget.csproj", "{793CBB3F-EE55-4683-9CD3-21EB3D09FBC4}"
EndProject
Project("{FAE04EC0-301F-11D3-BF4B-00C04F79EFBC}") = "DicomHighlevelClientDemo_4_Nuget", "CS\DicomHighlevelClientDemo\DicomHighlevelClientDemo_4_Nuget.csproj", "{61F940C7-A396-46B6-B688-2362C43DF913}"
EndProject
Project("{FAE04EC0-301F-11D3-BF4B-00C04F79EFBC}") = "DicomHighlevelStoreDemo_4_Nuget", "CS\DicomHighlevelStoreDemo\DicomHighlevelStoreDemo_4_Nuget.csproj", "{D0FD9E73-9B6E-495F-B4FD-62EDA0AC0E58}"
EndProject
Project("{FAE04EC0-301F-11D3-BF4B-00C04F79EFBC}") = "DicomHighlevelPatientUpdaterDemo_4_Nuget", "CS\DicomHighlevelPatientUpdaterDemo\DicomHighlevelPatientUpdaterDemo_4_Nuget.csproj", "{B7945C11-4B6B-4ED9-B813-36468555D4B9}"
EndProject
Project("{FAE04EC0-301F-11D3-BF4B-00C04F79EFBC}") = "Leadtools.Dicom.Server.Manager_4_Nuget", "CS\Leadtools.Dicom.Server.Manager\Leadtools.Dicom.Server.Manager_4_Nuget.csproj", "{B13C8A56-8C97-4D67-A4FD-35120BCFAF8A}"
EndProject
Project("{FAE04EC0-301F-11D3-BF4B-00C04F79EFBC}") = "MedicalWorkstationMainDemo_4_Nuget", "CS\MedicalWorkstationMainDemo\MedicalWorkstationMainDemo_4_Nuget.csproj", "{B0C14719-4762-4525-9720-86562FFAFCF6}"
EndProject
Project("{2150E333-8FDC-42A3-9474-1A3956D46DE8}") = "DICOM Server Demos", "DICOM Server Demos", "{CDFA104A-B0BA-460E-8C3F-D0264D4A45B7}"
EndProject
Project("{2150E333-8FDC-42A3-9474-1A3956D46DE8}") = "Configuration Demos", "Configuration Demos", "{06A00379-5895-4768-9075-8908B8F621F0}"
EndProject
Project("{FAE04EC0-301F-11D3-BF4B-00C04F79EFBC}") = "DicomHighLevelMwlScuDemo_4_Nuget", "CS\DicomHighlevelMWLScuDemo\DicomHighLevelMwlScuDemo_4_Nuget.csproj", "{FE62C5B0-C56A-466E-B8C7-F86168A1D9A7}"
EndProject
Project("{FAE04EC0-301F-11D3-BF4B-00C04F79EFBC}") = "WebViewerConfiguration_4_Nuget", "MedicalWebViewer\WebViewerConfiguration\WebViewerConfiguration_4_Nuget.csproj", "{ED198470-18BF-4781-821D-CDCE83AB543D}"
EndProject
Project("{2150E333-8FDC-42A3-9474-1A3956D46DE8}") = "DICOM Viewer Demos", "DICOM Viewer Demos", "{A5361469-EEDC-40EA-A204-2B4F4804730F}"
EndProject
Project("{FAE04EC0-301F-11D3-BF4B-00C04F79EFBC}") = "MedicalWebViewerDemo", "MedicalWebViewer\JS\MedicalWebViewerDemo\MedicalWebViewerDemo.csproj", "{303EFA10-AD12-4459-9370-2F074B307C73}"
EndProject
Project("{FAE04EC0-301F-11D3-BF4B-00C04F79EFBC}") = "Leadtools.Medical.WebViewer.WCF_4_Nuget", "MedicalWebViewer\Leadtools.Medical.WebViewer.WCF\Leadtools.Medical.WebViewer.WCF_4_Nuget.csproj", "{3F194447-3CC1-4969-87F0-1EB9D4C57E83}"
EndProject
Project("{2150E333-8FDC-42A3-9474-1A3956D46DE8}") = "Web Service", "Web Service", "{DC7C83A8-3D34-4550-93C9-7D9ADDD736DC}"
EndProject
Project("{FAE04EC0-301F-11D3-BF4B-00C04F79EFBC}") = "Leadtools.Medical.WebViewer.Asp_Nuget", "MedicalWebViewer\Leadtools.Medical.WebViewer.ASP\Leadtools.Medical.WebViewer\Leadtools.Medical.WebViewer.Asp_Nuget.csproj", "{2F6293C7-98E1-43E8-BB92-6FFAB6121412}"
EndProject
Global
	GlobalSection(SolutionConfigurationPlatforms) = preSolution
		Debug|Any CPU = Debug|Any CPU
		Debug|Any CPU = Debug|Any CPU
		Release|Any CPU = Release|Any CPU
		Release|Any CPU = Release|Any CPU
	EndGlobalSection
	GlobalSection(ProjectConfigurationPlatforms) = postSolution
		{64D5AF11-D7BB-44B2-9E62-37CEDF925D62}.Debug|Any CPU.ActiveCfg = Debug|Any CPU
		{64D5AF11-D7BB-44B2-9E62-37CEDF925D62}.Debug|Any CPU.Build.0 = Debug|Any CPU
		{64D5AF11-D7BB-44B2-9E62-37CEDF925D62}.Debug|Any CPU.ActiveCfg = Debug|Any CPU
		{64D5AF11-D7BB-44B2-9E62-37CEDF925D62}.Debug|Any CPU.Build.0 = Debug|Any CPU
		{64D5AF11-D7BB-44B2-9E62-37CEDF925D62}.Release|Any CPU.ActiveCfg = Release|Any CPU
		{64D5AF11-D7BB-44B2-9E62-37CEDF925D62}.Release|Any CPU.Build.0 = Release|Any CPU
		{64D5AF11-D7BB-44B2-9E62-37CEDF925D62}.Release|Any CPU.ActiveCfg = Release|Any CPU
		{64D5AF11-D7BB-44B2-9E62-37CEDF925D62}.Release|Any CPU.Build.0 = Release|Any CPU
		{0D0D3F41-6F04-40BD-8734-D3E3CE850D28}.Debug|Any CPU.ActiveCfg = Debug|Any CPU
		{0D0D3F41-6F04-40BD-8734-D3E3CE850D28}.Debug|Any CPU.Build.0 = Debug|Any CPU
		{0D0D3F41-6F04-40BD-8734-D3E3CE850D28}.Debug|Any CPU.ActiveCfg = Debug|Any CPU
		{0D0D3F41-6F04-40BD-8734-D3E3CE850D28}.Debug|Any CPU.Build.0 = Debug|Any CPU
		{0D0D3F41-6F04-40BD-8734-D3E3CE850D28}.Release|Any CPU.ActiveCfg = Release|Any CPU
		{0D0D3F41-6F04-40BD-8734-D3E3CE850D28}.Release|Any CPU.Build.0 = Release|Any CPU
		{0D0D3F41-6F04-40BD-8734-D3E3CE850D28}.Release|Any CPU.ActiveCfg = Release|Any CPU
		{0D0D3F41-6F04-40BD-8734-D3E3CE850D28}.Release|Any CPU.Build.0 = Release|Any CPU
		{674AF410-7BB2-427D-A177-CA7CBA559A78}.Debug|Any CPU.ActiveCfg = Debug|Any CPU
		{674AF410-7BB2-427D-A177-CA7CBA559A78}.Debug|Any CPU.Build.0 = Debug|Any CPU
		{674AF410-7BB2-427D-A177-CA7CBA559A78}.Debug|Any CPU.ActiveCfg = Debug|Any CPU
		{674AF410-7BB2-427D-A177-CA7CBA559A78}.Debug|Any CPU.Build.0 = Debug|Any CPU
		{674AF410-7BB2-427D-A177-CA7CBA559A78}.Release|Any CPU.ActiveCfg = Release|Any CPU
		{674AF410-7BB2-427D-A177-CA7CBA559A78}.Release|Any CPU.Build.0 = Release|Any CPU
		{674AF410-7BB2-427D-A177-CA7CBA559A78}.Release|Any CPU.ActiveCfg = Release|Any CPU
		{674AF410-7BB2-427D-A177-CA7CBA559A78}.Release|Any CPU.Build.0 = Release|Any CPU
		{793CBB3F-EE55-4683-9CD3-21EB3D09FBC4}.Debug|Any CPU.ActiveCfg = Debug|Any CPU
		{793CBB3F-EE55-4683-9CD3-21EB3D09FBC4}.Debug|Any CPU.Build.0 = Debug|Any CPU
		{793CBB3F-EE55-4683-9CD3-21EB3D09FBC4}.Debug|Any CPU.ActiveCfg = Debug|Any CPU
		{793CBB3F-EE55-4683-9CD3-21EB3D09FBC4}.Debug|Any CPU.Build.0 = Debug|Any CPU
		{793CBB3F-EE55-4683-9CD3-21EB3D09FBC4}.Release|Any CPU.ActiveCfg = Release|Any CPU
		{793CBB3F-EE55-4683-9CD3-21EB3D09FBC4}.Release|Any CPU.Build.0 = Release|Any CPU
		{793CBB3F-EE55-4683-9CD3-21EB3D09FBC4}.Release|Any CPU.ActiveCfg = Release|Any CPU
		{793CBB3F-EE55-4683-9CD3-21EB3D09FBC4}.Release|Any CPU.Build.0 = Release|Any CPU
		{61F940C7-A396-46B6-B688-2362C43DF913}.Debug|Any CPU.ActiveCfg = Debug|Any CPU
		{61F940C7-A396-46B6-B688-2362C43DF913}.Debug|Any CPU.Build.0 = Debug|Any CPU
		{61F940C7-A396-46B6-B688-2362C43DF913}.Debug|Any CPU.ActiveCfg = Debug|Any CPU
		{61F940C7-A396-46B6-B688-2362C43DF913}.Debug|Any CPU.Build.0 = Debug|Any CPU
		{61F940C7-A396-46B6-B688-2362C43DF913}.Release|Any CPU.ActiveCfg = Release|Any CPU
		{61F940C7-A396-46B6-B688-2362C43DF913}.Release|Any CPU.Build.0 = Release|Any CPU
		{61F940C7-A396-46B6-B688-2362C43DF913}.Release|Any CPU.ActiveCfg = Release|Any CPU
		{61F940C7-A396-46B6-B688-2362C43DF913}.Release|Any CPU.Build.0 = Release|Any CPU
		{D0FD9E73-9B6E-495F-B4FD-62EDA0AC0E58}.Debug|Any CPU.ActiveCfg = Debug|Any CPU
		{D0FD9E73-9B6E-495F-B4FD-62EDA0AC0E58}.Debug|Any CPU.Build.0 = Debug|Any CPU
		{D0FD9E73-9B6E-495F-B4FD-62EDA0AC0E58}.Debug|Any CPU.ActiveCfg = Debug|Any CPU
		{D0FD9E73-9B6E-495F-B4FD-62EDA0AC0E58}.Debug|Any CPU.Build.0 = Debug|Any CPU
		{D0FD9E73-9B6E-495F-B4FD-62EDA0AC0E58}.Release|Any CPU.ActiveCfg = Release|Any CPU
		{D0FD9E73-9B6E-495F-B4FD-62EDA0AC0E58}.Release|Any CPU.Build.0 = Release|Any CPU
		{D0FD9E73-9B6E-495F-B4FD-62EDA0AC0E58}.Release|Any CPU.ActiveCfg = Release|Any CPU
		{D0FD9E73-9B6E-495F-B4FD-62EDA0AC0E58}.Release|Any CPU.Build.0 = Release|Any CPU
		{B7945C11-4B6B-4ED9-B813-36468555D4B9}.Debug|Any CPU.ActiveCfg = Debug|Any CPU
		{B7945C11-4B6B-4ED9-B813-36468555D4B9}.Debug|Any CPU.Build.0 = Debug|Any CPU
		{B7945C11-4B6B-4ED9-B813-36468555D4B9}.Debug|Any CPU.ActiveCfg = Debug|Any CPU
		{B7945C11-4B6B-4ED9-B813-36468555D4B9}.Debug|Any CPU.Build.0 = Debug|Any CPU
		{B7945C11-4B6B-4ED9-B813-36468555D4B9}.Release|Any CPU.ActiveCfg = Release|Any CPU
		{B7945C11-4B6B-4ED9-B813-36468555D4B9}.Release|Any CPU.Build.0 = Release|Any CPU
		{B7945C11-4B6B-4ED9-B813-36468555D4B9}.Release|Any CPU.ActiveCfg = Release|Any CPU
		{B7945C11-4B6B-4ED9-B813-36468555D4B9}.Release|Any CPU.Build.0 = Release|Any CPU
		{B13C8A56-8C97-4D67-A4FD-35120BCFAF8A}.Debug|Any CPU.ActiveCfg = Debug|Any CPU
		{B13C8A56-8C97-4D67-A4FD-35120BCFAF8A}.Debug|Any CPU.Build.0 = Debug|Any CPU
		{B13C8A56-8C97-4D67-A4FD-35120BCFAF8A}.Debug|Any CPU.ActiveCfg = Debug|Any CPU
		{B13C8A56-8C97-4D67-A4FD-35120BCFAF8A}.Debug|Any CPU.Build.0 = Debug|Any CPU
		{B13C8A56-8C97-4D67-A4FD-35120BCFAF8A}.Release|Any CPU.ActiveCfg = Release|Any CPU
		{B13C8A56-8C97-4D67-A4FD-35120BCFAF8A}.Release|Any CPU.Build.0 = Release|Any CPU
		{B13C8A56-8C97-4D67-A4FD-35120BCFAF8A}.Release|Any CPU.ActiveCfg = Release|Any CPU
		{B13C8A56-8C97-4D67-A4FD-35120BCFAF8A}.Release|Any CPU.Build.0 = Release|Any CPU
		{B0C14719-4762-4525-9720-86562FFAFCF6}.Debug|Any CPU.ActiveCfg = Debug|Any CPU
		{B0C14719-4762-4525-9720-86562FFAFCF6}.Debug|Any CPU.Build.0 = Debug|Any CPU
		{B0C14719-4762-4525-9720-86562FFAFCF6}.Debug|Any CPU.ActiveCfg = Debug|Any CPU
		{B0C14719-4762-4525-9720-86562FFAFCF6}.Debug|Any CPU.Build.0 = Debug|Any CPU
		{B0C14719-4762-4525-9720-86562FFAFCF6}.Release|Any CPU.ActiveCfg = Release|Any CPU
		{B0C14719-4762-4525-9720-86562FFAFCF6}.Release|Any CPU.Build.0 = Release|Any CPU
		{B0C14719-4762-4525-9720-86562FFAFCF6}.Release|Any CPU.ActiveCfg = Release|Any CPU
		{B0C14719-4762-4525-9720-86562FFAFCF6}.Release|Any CPU.Build.0 = Release|Any CPU
		{FE62C5B0-C56A-466E-B8C7-F86168A1D9A7}.Debug|Any CPU.ActiveCfg = Debug|Any CPU
		{FE62C5B0-C56A-466E-B8C7-F86168A1D9A7}.Debug|Any CPU.Build.0 = Debug|Any CPU
		{FE62C5B0-C56A-466E-B8C7-F86168A1D9A7}.Debug|Any CPU.ActiveCfg = Debug|Any CPU
		{FE62C5B0-C56A-466E-B8C7-F86168A1D9A7}.Debug|Any CPU.Build.0 = Debug|Any CPU
		{FE62C5B0-C56A-466E-B8C7-F86168A1D9A7}.Release|Any CPU.ActiveCfg = Release|Any CPU
		{FE62C5B0-C56A-466E-B8C7-F86168A1D9A7}.Release|Any CPU.Build.0 = Release|Any CPU
		{FE62C5B0-C56A-466E-B8C7-F86168A1D9A7}.Release|Any CPU.ActiveCfg = Release|Any CPU
		{FE62C5B0-C56A-466E-B8C7-F86168A1D9A7}.Release|Any CPU.Build.0 = Release|Any CPU
		{ED198470-18BF-4781-821D-CDCE83AB543D}.Debug|Any CPU.ActiveCfg = Debug|Any CPU
		{ED198470-18BF-4781-821D-CDCE83AB543D}.Debug|Any CPU.Build.0 = Debug|Any CPU
		{ED198470-18BF-4781-821D-CDCE83AB543D}.Debug|Any CPU.ActiveCfg = Debug|Any CPU
		{ED198470-18BF-4781-821D-CDCE83AB543D}.Debug|Any CPU.Build.0 = Debug|Any CPU
		{ED198470-18BF-4781-821D-CDCE83AB543D}.Release|Any CPU.ActiveCfg = Release|Any CPU
		{ED198470-18BF-4781-821D-CDCE83AB543D}.Release|Any CPU.Build.0 = Release|Any CPU
		{ED198470-18BF-4781-821D-CDCE83AB543D}.Release|Any CPU.ActiveCfg = Release|Any CPU
		{ED198470-18BF-4781-821D-CDCE83AB543D}.Release|Any CPU.Build.0 = Release|Any CPU
		{303EFA10-AD12-4459-9370-2F074B307C73}.Debug|Any CPU.ActiveCfg = Debug|Any CPU
		{303EFA10-AD12-4459-9370-2F074B307C73}.Debug|Any CPU.ActiveCfg = Debug|Any CPU
		{303EFA10-AD12-4459-9370-2F074B307C73}.Release|Any CPU.ActiveCfg = Release|Any CPU
		{303EFA10-AD12-4459-9370-2F074B307C73}.Release|Any CPU.ActiveCfg = Release|Any CPU
		{3F194447-3CC1-4969-87F0-1EB9D4C57E83}.Debug|Any CPU.ActiveCfg = Debug|Any CPU
		{3F194447-3CC1-4969-87F0-1EB9D4C57E83}.Debug|Any CPU.Build.0 = Debug|Any CPU
		{3F194447-3CC1-4969-87F0-1EB9D4C57E83}.Debug|Any CPU.ActiveCfg = Debug|Any CPU
		{3F194447-3CC1-4969-87F0-1EB9D4C57E83}.Debug|Any CPU.Build.0 = Debug|Any CPU
		{3F194447-3CC1-4969-87F0-1EB9D4C57E83}.Release|Any CPU.ActiveCfg = Release|Any CPU
		{3F194447-3CC1-4969-87F0-1EB9D4C57E83}.Release|Any CPU.Build.0 = Release|Any CPU
		{3F194447-3CC1-4969-87F0-1EB9D4C57E83}.Release|Any CPU.ActiveCfg = Release|Any CPU
		{3F194447-3CC1-4969-87F0-1EB9D4C57E83}.Release|Any CPU.Build.0 = Release|Any CPU
		{2F6293C7-98E1-43E8-BB92-6FFAB6121412}.Debug|Any CPU.ActiveCfg = Debug|Any CPU
		{2F6293C7-98E1-43E8-BB92-6FFAB6121412}.Debug|Any CPU.Build.0 = Debug|Any CPU
		{2F6293C7-98E1-43E8-BB92-6FFAB6121412}.Debug|Any CPU.ActiveCfg = Debug|Any CPU
		{2F6293C7-98E1-43E8-BB92-6FFAB6121412}.Debug|Any CPU.Build.0 = Debug|Any CPU
		{2F6293C7-98E1-43E8-BB92-6FFAB6121412}.Release|Any CPU.ActiveCfg = Release|Any CPU
		{2F6293C7-98E1-43E8-BB92-6FFAB6121412}.Release|Any CPU.Build.0 = Release|Any CPU
		{2F6293C7-98E1-43E8-BB92-6FFAB6121412}.Release|Any CPU.ActiveCfg = Release|Any CPU
		{2F6293C7-98E1-43E8-BB92-6FFAB6121412}.Release|Any CPU.Build.0 = Release|Any CPU
	EndGlobalSection
	GlobalSection(SolutionProperties) = preSolution
		HideSolutionNode = FALSE
	EndGlobalSection
	GlobalSection(NestedProjects) = preSolution
		{0D0D3F41-6F04-40BD-8734-D3E3CE850D28} = {06A00379-5895-4768-9075-8908B8F621F0}
		{674AF410-7BB2-427D-A177-CA7CBA559A78} = {06A00379-5895-4768-9075-8908B8F621F0}
		{793CBB3F-EE55-4683-9CD3-21EB3D09FBC4} = {CDFA104A-B0BA-460E-8C3F-D0264D4A45B7}
		{61F940C7-A396-46B6-B688-2362C43DF913} = {F337427E-CDCC-48E0-9E0F-1DA181C61FEC}
		{D0FD9E73-9B6E-495F-B4FD-62EDA0AC0E58} = {F337427E-CDCC-48E0-9E0F-1DA181C61FEC}
		{B7945C11-4B6B-4ED9-B813-36468555D4B9} = {F337427E-CDCC-48E0-9E0F-1DA181C61FEC}
		{B13C8A56-8C97-4D67-A4FD-35120BCFAF8A} = {CDFA104A-B0BA-460E-8C3F-D0264D4A45B7}
		{B0C14719-4762-4525-9720-86562FFAFCF6} = {A5361469-EEDC-40EA-A204-2B4F4804730F}
		{FE62C5B0-C56A-466E-B8C7-F86168A1D9A7} = {F337427E-CDCC-48E0-9E0F-1DA181C61FEC}
		{ED198470-18BF-4781-821D-CDCE83AB543D} = {06A00379-5895-4768-9075-8908B8F621F0}
		{303EFA10-AD12-4459-9370-2F074B307C73} = {A5361469-EEDC-40EA-A204-2B4F4804730F}
		{3F194447-3CC1-4969-87F0-1EB9D4C57E83} = {DC7C83A8-3D34-4550-93C9-7D9ADDD736DC}
		{2F6293C7-98E1-43E8-BB92-6FFAB6121412} = {DC7C83A8-3D34-4550-93C9-7D9ADDD736DC}
	EndGlobalSection
	GlobalSection(ExtensibilityGlobals) = postSolution
		SolutionGuid = {6C935D88-2B1E-4603-8D27-32E4F7C727A4}
		EnterpriseLibraryConfigurationToolBinariesPathV6 = packages\EnterpriseLibrary.Common.6.0.1304.0\lib\NET45;packages\EnterpriseLibrary.Data.6.0.1304.0\lib\NET45;packages\EnterpriseLibrary.Data.SqlCe.6.0.1304.0\lib\NET45;packages\EnterpriseLibrary.Logging.6.0.1304.0\lib\NET45
	EndGlobalSection
EndGlobal
