
Microsoft Visual Studio Solution File, Format Version 12.00
# Visual Studio 15
VisualStudioVersion = 15.0.28307.329
MinimumVisualStudioVersion = 10.0.40219.1
Project("{FAE04EC0-301F-11D3-BF4B-00C04F79EFBC}") = "Leadtools.Medical.WebViewer.Asp", "Leadtools.Medical.WebViewer\Leadtools.Medical.WebViewer.Asp.csproj", "{2F6293C7-98E1-43E8-BB92-6FFAB6121412}"
EndProject
Project("{2150E333-8FDC-42A3-9474-1A3956D46DE8}") = "Service", "Service", "{3A58DDE3-778A-4E2A-9A3E-ABCC64BE9CB6}"
EndProject
Global
	GlobalSection(SolutionConfigurationPlatforms) = preSolution
		Debug|Any CPU = Debug|Any CPU
		Debug|Win32 = Debug|Win32
		Debug|x64 = Debug|x64
		Debug|x86 = Debug|x86
		Release|Any CPU = Release|Any CPU
		Release|Win32 = Release|Win32
		Release|x64 = Release|x64
		Release|x86 = Release|x86
		ReleaseFinal20|Any CPU = ReleaseFinal20|Any CPU
		ReleaseFinal20|Win32 = ReleaseFinal20|Win32
		ReleaseFinal20|x64 = ReleaseFinal20|x64
		ReleaseFinal20|x86 = ReleaseFinal20|x86
	EndGlobalSection
	GlobalSection(ProjectConfigurationPlatforms) = postSolution
		{2F6293C7-98E1-43E8-BB92-6FFAB6121412}.Debug|Any CPU.ActiveCfg = Debug|Any CPU
		{2F6293C7-98E1-43E8-BB92-6FFAB6121412}.Debug|Any CPU.Build.0 = Debug|Any CPU
		{2F6293C7-98E1-43E8-BB92-6FFAB6121412}.Debug|Win32.ActiveCfg = Debug|Any CPU
		{2F6293C7-98E1-43E8-BB92-6FFAB6121412}.Debug|Win32.Build.0 = Debug|Any CPU
		{2F6293C7-98E1-43E8-BB92-6FFAB6121412}.Debug|x64.ActiveCfg = Debug|Any CPU
		{2F6293C7-98E1-43E8-BB92-6FFAB6121412}.Debug|x64.Build.0 = Debug|Any CPU
		{2F6293C7-98E1-43E8-BB92-6FFAB6121412}.Debug|x86.ActiveCfg = Debug|Win32
		{2F6293C7-98E1-43E8-BB92-6FFAB6121412}.Debug|x86.Build.0 = Debug|Win32
		{2F6293C7-98E1-43E8-BB92-6FFAB6121412}.Release|Any CPU.ActiveCfg = Release|Any CPU
		{2F6293C7-98E1-43E8-BB92-6FFAB6121412}.Release|Any CPU.Build.0 = Release|Any CPU
		{2F6293C7-98E1-43E8-BB92-6FFAB6121412}.Release|Win32.ActiveCfg = Release|Any CPU
		{2F6293C7-98E1-43E8-BB92-6FFAB6121412}.Release|Win32.Build.0 = Release|Any CPU
		{2F6293C7-98E1-43E8-BB92-6FFAB6121412}.Release|x64.ActiveCfg = Release|Any CPU
		{2F6293C7-98E1-43E8-BB92-6FFAB6121412}.Release|x64.Build.0 = Release|Any CPU
		{2F6293C7-98E1-43E8-BB92-6FFAB6121412}.Release|x86.ActiveCfg = Release|Win32
		{2F6293C7-98E1-43E8-BB92-6FFAB6121412}.Release|x86.Build.0 = Release|Win32
		{2F6293C7-98E1-43E8-BB92-6FFAB6121412}.ReleaseFinal20|Any CPU.ActiveCfg = Release|Any CPU
		{2F6293C7-98E1-43E8-BB92-6FFAB6121412}.ReleaseFinal20|Win32.ActiveCfg = Release|Win32
		{2F6293C7-98E1-43E8-BB92-6FFAB6121412}.ReleaseFinal20|x64.ActiveCfg = Release|Any CPU
		{2F6293C7-98E1-43E8-BB92-6FFAB6121412}.ReleaseFinal20|x86.ActiveCfg = Release|Win32
	EndGlobalSection
	GlobalSection(SolutionProperties) = preSolution
		HideSolutionNode = FALSE
	EndGlobalSection
	GlobalSection(NestedProjects) = preSolution
		{2F6293C7-98E1-43E8-BB92-6FFAB6121412} = {3A58DDE3-778A-4E2A-9A3E-ABCC64BE9CB6}
	EndGlobalSection
	GlobalSection(ExtensibilityGlobals) = postSolution
		SolutionGuid = {64F36AE7-15A6-4893-8A1F-49C6F2F0DD2B}
	EndGlobalSection
EndGlobal
